// !$*UTF8*$!
{
	archiveVersion = 1;
	classes = {
	};
	objectVersion = 46;
	objects = {

/* Begin PBXBuildFile section */
		5EFAD7581BF0654900EF9182 /* AppDelegate.swift in Sources */ = {isa = PBXBuildFile; fileRef = 5EFAD7571BF0654900EF9182 /* AppDelegate.swift */; };
		5EFAD75A1BF0654900EF9182 /* ViewController.swift in Sources */ = {isa = PBXBuildFile; fileRef = 5EFAD7591BF0654900EF9182 /* ViewController.swift */; };
		5EFAD75D1BF0654900EF9182 /* Main.storyboard in Resources */ = {isa = PBXBuildFile; fileRef = 5EFAD75B1BF0654900EF9182 /* Main.storyboard */; };
		5EFAD75F1BF0654900EF9182 /* Assets.xcassets in Resources */ = {isa = PBXBuildFile; fileRef = 5EFAD75E1BF0654900EF9182 /* Assets.xcassets */; };
		5EFAD7621BF0654900EF9182 /* LaunchScreen.storyboard in Resources */ = {isa = PBXBuildFile; fileRef = 5EFAD7601BF0654900EF9182 /* LaunchScreen.storyboard */; };
		5EFAD76D1BF0654900EF9182 /* YoutubeSampleTests.swift in Sources */ = {isa = PBXBuildFile; fileRef = 5EFAD76C1BF0654900EF9182 /* YoutubeSampleTests.swift */; };
		5EFAD7781BF0654A00EF9182 /* YoutubeSampleUITests.swift in Sources */ = {isa = PBXBuildFile; fileRef = 5EFAD7771BF0654A00EF9182 /* YoutubeSampleUITests.swift */; };
		5EFAD7861BF065BE00EF9182 /* Assets in Resources */ = {isa = PBXBuildFile; fileRef = 5EFAD7851BF065BE00EF9182 /* Assets */; };
		5EFAD78A1BF0683000EF9182 /* YTPlayerView.m in Sources */ = {isa = PBXBuildFile; fileRef = 5EFAD7891BF0683000EF9182 /* YTPlayerView.m */; };
		5EFAD78E1BF078D300EF9182 /* YoutubePlayerViewController.swift in Sources */ = {isa = PBXBuildFile; fileRef = 5EFAD78D1BF078D300EF9182 /* YoutubePlayerViewController.swift */; };
/* End PBXBuildFile section */

/* Begin PBXContainerItemProxy section */
		5EFAD7691BF0654900EF9182 /* PBXContainerItemProxy */ = {
			isa = PBXContainerItemProxy;
			containerPortal = 5EFAD74C1BF0654800EF9182 /* Project object */;
			proxyType = 1;
			remoteGlobalIDString = 5EFAD7531BF0654800EF9182;
			remoteInfo = YoutubeSample;
		};
		5EFAD7741BF0654900EF9182 /* PBXContainerItemProxy */ = {
			isa = PBXContainerItemProxy;
			containerPortal = 5EFAD74C1BF0654800EF9182 /* Project object */;
			proxyType = 1;
			remoteGlobalIDString = 5EFAD7531BF0654800EF9182;
			remoteInfo = YoutubeSample;
		};
/* End PBXContainerItemProxy section */

/* Begin PBXFileReference section */
		5EFAD7541BF0654900EF9182 /* YoutubeSample.app */ = {isa = PBXFileReference; explicitFileType = wrapper.application; includeInIndex = 0; path = YoutubeSample.app; sourceTree = BUILT_PRODUCTS_DIR; };
		5EFAD7571BF0654900EF9182 /* AppDelegate.swift */ = {isa = PBXFileReference; lastKnownFileType = sourcecode.swift; path = AppDelegate.swift; sourceTree = "<group>"; };
		5EFAD7591BF0654900EF9182 /* ViewController.swift */ = {isa = PBXFileReference; lastKnownFileType = sourcecode.swift; path = ViewController.swift; sourceTree = "<group>"; };
		5EFAD75C1BF0654900EF9182 /* Base */ = {isa = PBXFileReference; lastKnownFileType = file.storyboard; name = Base; path = Base.lproj/Main.storyboard; sourceTree = "<group>"; };
		5EFAD75E1BF0654900EF9182 /* Assets.xcassets */ = {isa = PBXFileReference; lastKnownFileType = folder.assetcatalog; path = Assets.xcassets; sourceTree = "<group>"; };
		5EFAD7611BF0654900EF9182 /* Base */ = {isa = PBXFileReference; lastKnownFileType = file.storyboard; name = Base; path = Base.lproj/LaunchScreen.storyboard; sourceTree = "<group>"; };
		5EFAD7631BF0654900EF9182 /* Info.plist */ = {isa = PBXFileReference; lastKnownFileType = text.plist.xml; path = Info.plist; sourceTree = "<group>"; };
		5EFAD7681BF0654900EF9182 /* YoutubeSampleTests.xctest */ = {isa = PBXFileReference; explicitFileType = wrapper.cfbundle; includeInIndex = 0; path = YoutubeSampleTests.xctest; sourceTree = BUILT_PRODUCTS_DIR; };
		5EFAD76C1BF0654900EF9182 /* YoutubeSampleTests.swift */ = {isa = PBXFileReference; lastKnownFileType = sourcecode.swift; path = YoutubeSampleTests.swift; sourceTree = "<group>"; };
		5EFAD76E1BF0654900EF9182 /* Info.plist */ = {isa = PBXFileReference; lastKnownFileType = text.plist.xml; path = Info.plist; sourceTree = "<group>"; };
		5EFAD7731BF0654900EF9182 /* YoutubeSampleUITests.xctest */ = {isa = PBXFileReference; explicitFileType = wrapper.cfbundle; includeInIndex = 0; path = YoutubeSampleUITests.xctest; sourceTree = BUILT_PRODUCTS_DIR; };
		5EFAD7771BF0654A00EF9182 /* YoutubeSampleUITests.swift */ = {isa = PBXFileReference; lastKnownFileType = sourcecode.swift; path = YoutubeSampleUITests.swift; sourceTree = "<group>"; };
		5EFAD7791BF0654A00EF9182 /* Info.plist */ = {isa = PBXFileReference; lastKnownFileType = text.plist.xml; path = Info.plist; sourceTree = "<group>"; };
		5EFAD7851BF065BE00EF9182 /* Assets */ = {isa = PBXFileReference; lastKnownFileType = folder; name = Assets; path = "../../Downloads/YouTube-API-Demo-master/Assets"; sourceTree = "<group>"; };
		5EFAD7871BF0662900EF9182 /* YoutubeBridge-Header.h */ = {isa = PBXFileReference; fileEncoding = 4; lastKnownFileType = sourcecode.c.h; path = "YoutubeBridge-Header.h"; sourceTree = "<group>"; };
		5EFAD7881BF0683000EF9182 /* YTPlayerView.h */ = {isa = PBXFileReference; fileEncoding = 4; lastKnownFileType = sourcecode.c.h; path = YTPlayerView.h; sourceTree = "<group>"; };
		5EFAD7891BF0683000EF9182 /* YTPlayerView.m */ = {isa = PBXFileReference; fileEncoding = 4; lastKnownFileType = sourcecode.c.objc; path = YTPlayerView.m; sourceTree = "<group>"; };
		5EFAD78D1BF078D300EF9182 /* YoutubePlayerViewController.swift */ = {isa = PBXFileReference; fileEncoding = 4; lastKnownFileType = sourcecode.swift; name = YoutubePlayerViewController.swift; path = ../YoutubePlayerViewController.swift; sourceTree = "<group>"; };
/* End PBXFileReference section */

/* Begin PBXFrameworksBuildPhase section */
		5EFAD7511BF0654800EF9182 /* Frameworks */ = {
			isa = PBXFrameworksBuildPhase;
			buildActionMask = 2147483647;
			files = (
			);
			runOnlyForDeploymentPostprocessing = 0;
		};
		5EFAD7651BF0654900EF9182 /* Frameworks */ = {
			isa = PBXFrameworksBuildPhase;
			buildActionMask = 2147483647;
			files = (
			);
			runOnlyForDeploymentPostprocessing = 0;
		};
		5EFAD7701BF0654900EF9182 /* Frameworks */ = {
			isa = PBXFrameworksBuildPhase;
			buildActionMask = 2147483647;
			files = (
			);
			runOnlyForDeploymentPostprocessing = 0;
		};
/* End PBXFrameworksBuildPhase section */

/* Begin PBXGroup section */
		5EFAD74B1BF0654800EF9182 = {
			isa = PBXGroup;
			children = (
				5EFAD7871BF0662900EF9182 /* YoutubeBridge-Header.h */,
				5EFAD7881BF0683000EF9182 /* YTPlayerView.h */,
				5EFAD7891BF0683000EF9182 /* YTPlayerView.m */,
				5EFAD7851BF065BE00EF9182 /* Assets */,
				5EFAD7561BF0654900EF9182 /* YoutubeSample */,
				5EFAD76B1BF0654900EF9182 /* YoutubeSampleTests */,
				5EFAD7761BF0654A00EF9182 /* YoutubeSampleUITests */,
				5EFAD7551BF0654900EF9182 /* Products */,
			);
			sourceTree = "<group>";
		};
		5EFAD7551BF0654900EF9182 /* Products */ = {
			isa = PBXGroup;
			children = (
				5EFAD7541BF0654900EF9182 /* YoutubeSample.app */,
				5EFAD7681BF0654900EF9182 /* YoutubeSampleTests.xctest */,
				5EFAD7731BF0654900EF9182 /* YoutubeSampleUITests.xctest */,
			);
			name = Products;
			sourceTree = "<group>";
		};
		5EFAD7561BF0654900EF9182 /* YoutubeSample */ = {
			isa = PBXGroup;
			children = (
				5EFAD7571BF0654900EF9182 /* AppDelegate.swift */,
				5EFAD7591BF0654900EF9182 /* ViewController.swift */,
				5EFAD78D1BF078D300EF9182 /* YoutubePlayerViewController.swift */,
				5EFAD75B1BF0654900EF9182 /* Main.storyboard */,
				5EFAD75E1BF0654900EF9182 /* Assets.xcassets */,
				5EFAD7601BF0654900EF9182 /* LaunchScreen.storyboard */,
				5EFAD7631BF0654900EF9182 /* Info.plist */,
			);
			path = YoutubeSample;
			sourceTree = "<group>";
		};
		5EFAD76B1BF0654900EF9182 /* YoutubeSampleTests */ = {
			isa = PBXGroup;
			children = (
				5EFAD76C1BF0654900EF9182 /* YoutubeSampleTests.swift */,
				5EFAD76E1BF0654900EF9182 /* Info.plist */,
			);
			path = YoutubeSampleTests;
			sourceTree = "<group>";
		};
		5EFAD7761BF0654A00EF9182 /* YoutubeSampleUITests */ = {
			isa = PBXGroup;
			children = (
				5EFAD7771BF0654A00EF9182 /* YoutubeSampleUITests.swift */,
				5EFAD7791BF0654A00EF9182 /* Info.plist */,
			);
			path = YoutubeSampleUITests;
			sourceTree = "<group>";
		};
/* End PBXGroup section */

/* Begin PBXNativeTarget section */
		5EFAD7531BF0654800EF9182 /* YoutubeSample */ = {
			isa = PBXNativeTarget;
			buildConfigurationList = 5EFAD77C1BF0654A00EF9182 /* Build configuration list for PBXNativeTarget "YoutubeSample" */;
			buildPhases = (
				5EFAD7501BF0654800EF9182 /* Sources */,
				5EFAD7511BF0654800EF9182 /* Frameworks */,
				5EFAD7521BF0654800EF9182 /* Resources */,
			);
			buildRules = (
			);
			dependencies = (
			);
			name = YoutubeSample;
			productName = YoutubeSample;
			productReference = 5EFAD7541BF0654900EF9182 /* YoutubeSample.app */;
			productType = "com.apple.product-type.application";
		};
		5EFAD7671BF0654900EF9182 /* YoutubeSampleTests */ = {
			isa = PBXNativeTarget;
			buildConfigurationList = 5EFAD77F1BF0654A00EF9182 /* Build configuration list for PBXNativeTarget "YoutubeSampleTests" */;
			buildPhases = (
				5EFAD7641BF0654900EF9182 /* Sources */,
				5EFAD7651BF0654900EF9182 /* Frameworks */,
				5EFAD7661BF0654900EF9182 /* Resources */,
			);
			buildRules = (
			);
			dependencies = (
				5EFAD76A1BF0654900EF9182 /* PBXTargetDependency */,
			);
			name = YoutubeSampleTests;
			productName = YoutubeSampleTests;
			productReference = 5EFAD7681BF0654900EF9182 /* YoutubeSampleTests.xctest */;
			productType = "com.apple.product-type.bundle.unit-test";
		};
		5EFAD7721BF0654900EF9182 /* YoutubeSampleUITests */ = {
			isa = PBXNativeTarget;
			buildConfigurationList = 5EFAD7821BF0654A00EF9182 /* Build configuration list for PBXNativeTarget "YoutubeSampleUITests" */;
			buildPhases = (
				5EFAD76F1BF0654900EF9182 /* Sources */,
				5EFAD7701BF0654900EF9182 /* Frameworks */,
				5EFAD7711BF0654900EF9182 /* Resources */,
			);
			buildRules = (
			);
			dependencies = (
				5EFAD7751BF0654900EF9182 /* PBXTargetDependency */,
			);
			name = YoutubeSampleUITests;
			productName = YoutubeSampleUITests;
			productReference = 5EFAD7731BF0654900EF9182 /* YoutubeSampleUITests.xctest */;
			productType = "com.apple.product-type.bundle.ui-testing";
		};
/* End PBXNativeTarget section */

/* Begin PBXProject section */
		5EFAD74C1BF0654800EF9182 /* Project object */ = {
			isa = PBXProject;
			attributes = {
				LastSwiftUpdateCheck = 0710;
				LastUpgradeCheck = 0710;
				ORGANIZATIONNAME = "AnilKumar Koya";
				TargetAttributes = {
					5EFAD7531BF0654800EF9182 = {
						CreatedOnToolsVersion = 7.1;
					};
					5EFAD7671BF0654900EF9182 = {
						CreatedOnToolsVersion = 7.1;
						TestTargetID = 5EFAD7531BF0654800EF9182;
					};
					5EFAD7721BF0654900EF9182 = {
						CreatedOnToolsVersion = 7.1;
						TestTargetID = 5EFAD7531BF0654800EF9182;
					};
				};
			};
			buildConfigurationList = 5EFAD74F1BF0654800EF9182 /* Build configuration list for PBXProject "YoutubeSample" */;
			compatibilityVersion = "Xcode 3.2";
			developmentRegion = English;
			hasScannedForEncodings = 0;
			knownRegions = (
				en,
				Base,
			);
			mainGroup = 5EFAD74B1BF0654800EF9182;
			productRefGroup = 5EFAD7551BF0654900EF9182 /* Products */;
			projectDirPath = "";
			projectRoot = "";
			targets = (
				5EFAD7531BF0654800EF9182 /* YoutubeSample */,
				5EFAD7671BF0654900EF9182 /* YoutubeSampleTests */,
				5EFAD7721BF0654900EF9182 /* YoutubeSampleUITests */,
			);
		};
/* End PBXProject section */

/* Begin PBXResourcesBuildPhase section */
		5EFAD7521BF0654800EF9182 /* Resources */ = {
			isa = PBXResourcesBuildPhase;
			buildActionMask = 2147483647;
			files = (
				5EFAD7621BF0654900EF9182 /* LaunchScreen.storyboard in Resources */,
				5EFAD7861BF065BE00EF9182 /* Assets in Resources */,
				5EFAD75F1BF0654900EF9182 /* Assets.xcassets in Resources */,
				5EFAD75D1BF0654900EF9182 /* Main.storyboard in Resources */,
			);
			runOnlyForDeploymentPostprocessing = 0;
		};
		5EFAD7661BF0654900EF9182 /* Resources */ = {
			isa = PBXResourcesBuildPhase;
			buildActionMask = 2147483647;
			files = (
			);
			runOnlyForDeploymentPostprocessing = 0;
		};
		5EFAD7711BF0654900EF9182 /* Resources */ = {
			isa = PBXResourcesBuildPhase;
			buildActionMask = 2147483647;
			files = (
			);
			runOnlyForDeploymentPostprocessing = 0;
		};
/* End PBXResourcesBuildPhase section */

/* Begin PBXSourcesBuildPhase section */
		5EFAD7501BF0654800EF9182 /* Sources */ = {
			isa = PBXSourcesBuildPhase;
			buildActionMask = 2147483647;
			files = (
				5EFAD75A1BF0654900EF9182 /* ViewController.swift in Sources */,
				5EFAD7581BF0654900EF9182 /* AppDelegate.swift in Sources */,
				5EFAD78A1BF0683000EF9182 /* YTPlayerView.m in Sources */,
				5EFAD78E1BF078D300EF9182 /* YoutubePlayerViewController.swift in Sources */,
			);
			runOnlyForDeploymentPostprocessing = 0;
		};
		5EFAD7641BF0654900EF9182 /* Sources */ = {
			isa = PBXSourcesBuildPhase;
			buildActionMask = 2147483647;
			files = (
				5EFAD76D1BF0654900EF9182 /* YoutubeSampleTests.swift in Sources */,
			);
			runOnlyForDeploymentPostprocessing = 0;
		};
		5EFAD76F1BF0654900EF9182 /* Sources */ = {
			isa = PBXSourcesBuildPhase;
			buildActionMask = 2147483647;
			files = (
				5EFAD7781BF0654A00EF9182 /* YoutubeSampleUITests.swift in Sources */,
			);
			runOnlyForDeploymentPostprocessing = 0;
		};
/* End PBXSourcesBuildPhase section */

/* Begin PBXTargetDependency section */
		5EFAD76A1BF0654900EF9182 /* PBXTargetDependency */ = {
			isa = PBXTargetDependency;
			target = 5EFAD7531BF0654800EF9182 /* YoutubeSample */;
			targetProxy = 5EFAD7691BF0654900EF9182 /* PBXContainerItemProxy */;
		};
		5EFAD7751BF0654900EF9182 /* PBXTargetDependency */ = {
			isa = PBXTargetDependency;
			target = 5EFAD7531BF0654800EF9182 /* YoutubeSample */;
			targetProxy = 5EFAD7741BF0654900EF9182 /* PBXContainerItemProxy */;
		};
/* End PBXTargetDependency section */

/* Begin PBXVariantGroup section */
		5EFAD75B1BF0654900EF9182 /* Main.storyboard */ = {
			isa = PBXVariantGroup;
			children = (
				5EFAD75C1BF0654900EF9182 /* Base */,
			);
			name = Main.storyboard;
			sourceTree = "<group>";
		};
		5EFAD7601BF0654900EF9182 /* LaunchScreen.storyboard */ = {
			isa = PBXVariantGroup;
			children = (
				5EFAD7611BF0654900EF9182 /* Base */,
			);
			name = LaunchScreen.storyboard;
			sourceTree = "<group>";
		};
/* End PBXVariantGroup section */

/* Begin XCBuildConfiguration section */
		5EFAD77A1BF0654A00EF9182 /* Debug */ = {
			isa = XCBuildConfiguration;
			buildSettings = {
				ALWAYS_SEARCH_USER_PATHS = NO;
				CLANG_CXX_LANGUAGE_STANDARD = "gnu++0x";
				CLANG_CXX_LIBRARY = "libc++";
				CLANG_ENABLE_MODULES = YES;
				CLANG_ENABLE_OBJC_ARC = YES;
				CLANG_WARN_BOOL_CONVERSION = YES;
				CLANG_WARN_CONSTANT_CONVERSION = YES;
				CLANG_WARN_DIRECT_OBJC_ISA_USAGE = YES_ERROR;
				CLANG_WARN_EMPTY_BODY = YES;
				CLANG_WARN_ENUM_CONVERSION = YES;
				CLANG_WARN_INT_CONVERSION = YES;
				CLANG_WARN_OBJC_ROOT_CLASS = YES_ERROR;
				CLANG_WARN_UNREACHABLE_CODE = YES;
				CLANG_WARN__DUPLICATE_METHOD_MATCH = YES;
				"CODE_SIGN_IDENTITY[sdk=iphoneos*]" = "iPhone Developer";
				COPY_PHASE_STRIP = NO;
				DEBUG_INFORMATION_FORMAT = dwarf;
				ENABLE_STRICT_OBJC_MSGSEND = YES;
				ENABLE_TESTABILITY = YES;
				GCC_C_LANGUAGE_STANDARD = gnu99;
				GCC_DYNAMIC_NO_PIC = NO;
				GCC_NO_COMMON_BLOCKS = YES;
				GCC_OPTIMIZATION_LEVEL = 0;
				GCC_PREPROCESSOR_DEFINITIONS = (
					"DEBUG=1",
					"$(inherited)",
				);
				GCC_WARN_64_TO_32_BIT_CONVERSION = YES;
				GCC_WARN_ABOUT_RETURN_TYPE = YES_ERROR;
				GCC_WARN_UNDECLARED_SELECTOR = YES;
				GCC_WARN_UNINITIALIZED_AUTOS = YES_AGGRESSIVE;
				GCC_WARN_UNUSED_FUNCTION = YES;
				GCC_WARN_UNUSED_VARIABLE = YES;
				IPHONEOS_DEPLOYMENT_TARGET = 9.1;
				MTL_ENABLE_DEBUG_INFO = YES;
				ONLY_ACTIVE_ARCH = YES;
				SDKROOT = iphoneos;
				SWIFT_OPTIMIZATION_LEVEL = "-Onone";
			};
			name = Debug;
		};
		5EFAD77B1BF0654A00EF9182 /* Release */ = {
			isa = XCBuildConfiguration;
			buildSettings = {
				ALWAYS_SEARCH_USER_PATHS = NO;
				CLANG_CXX_LANGUAGE_STANDARD = "gnu++0x";
				CLANG_CXX_LIBRARY = "libc++";
				CLANG_ENABLE_MODULES = YES;
				CLANG_ENABLE_OBJC_ARC = YES;
				CLANG_WARN_BOOL_CONVERSION = YES;
				CLANG_WARN_CONSTANT_CONVERSION = YES;
				CLANG_WARN_DIRECT_OBJC_ISA_USAGE = YES_ERROR;
				CLANG_WARN_EMPTY_BODY = YES;
				CLANG_WARN_ENUM_CONVERSION = YES;
				CLANG_WARN_INT_CONVERSION = YES;
				CLANG_WARN_OBJC_ROOT_CLASS = YES_ERROR;
				CLANG_WARN_UNREACHABLE_CODE = YES;
				CLANG_WARN__DUPLICATE_METHOD_MATCH = YES;
				"CODE_SIGN_IDENTITY[sdk=iphoneos*]" = "iPhone Developer";
				COPY_PHASE_STRIP = NO;
				DEBUG_INFORMATION_FORMAT = "dwarf-with-dsym";
				ENABLE_NS_ASSERTIONS = NO;
				ENABLE_STRICT_OBJC_MSGSEND = YES;
				GCC_C_LANGUAGE_STANDARD = gnu99;
				GCC_NO_COMMON_BLOCKS = YES;
				GCC_WARN_64_TO_32_BIT_CONVERSION = YES;
				GCC_WARN_ABOUT_RETURN_TYPE = YES_ERROR;
				GCC_WARN_UNDECLARED_SELECTOR = YES;
				GCC_WARN_UNINITIALIZED_AUTOS = YES_AGGRESSIVE;
				GCC_WARN_UNUSED_FUNCTION = YES;
				GCC_WARN_UNUSED_VARIABLE = YES;
				IPHONEOS_DEPLOYMENT_TARGET = 9.1;
				MTL_ENABLE_DEBUG_INFO = NO;
				SDKROOT = iphoneos;
				VALIDATE_PRODUCT = YES;
			};
			name = Release;
		};
		5EFAD77D1BF0654A00EF9182 /* Debug */ = {
			isa = XCBuildConfiguration;
			buildSettings = {
				ASSETCATALOG_COMPILER_APPICON_NAME = AppIcon;
				INFOPLIST_FILE = YoutubeSample/Info.plist;
				LD_RUNPATH_SEARCH_PATHS = "$(inherited) @executable_path/Frameworks";
				PRODUCT_BUNDLE_IDENTIFIER = com.billionapps.Speedy;
				PRODUCT_NAME = "$(TARGET_NAME)";
				SWIFT_OBJC_BRIDGING_HEADER = "YoutubeBridge-Header.h";
			};
			name = Debug;
		};
		5EFAD77E1BF0654A00EF9182 /* Release */ = {
			isa = XCBuildConfiguration;
			buildSettings = {
				ASSETCATALOG_COMPILER_APPICON_NAME = AppIcon;
				INFOPLIST_FILE = YoutubeSample/Info.plist;
				LD_RUNPATH_SEARCH_PATHS = "$(inherited) @executable_path/Frameworks";
				PRODUCT_BUNDLE_IDENTIFIER = com.billionapps.Speedy;
				PRODUCT_NAME = "$(TARGET_NAME)";
				SWIFT_OBJC_BRIDGING_HEADER = "YoutubeBridge-Header.h";
			};
			name = Release;
		};
		5EFAD7801BF0654A00EF9182 /* Debug */ = {
			isa = XCBuildConfiguration;
			buildSettings = {
				BUNDLE_LOADER = "$(TEST_HOST)";
				INFOPLIST_FILE = YoutubeSampleTests/Info.plist;
				LD_RUNPATH_SEARCH_PATHS = "$(inherited) @executable_path/Frameworks @loader_path/Frameworks";
				PRODUCT_BUNDLE_IDENTIFIER = com.YoutubeSampleTests;
				PRODUCT_NAME = "$(TARGET_NAME)";
				TEST_HOST = "$(BUILT_PRODUCTS_DIR)/YoutubeSample.app/YoutubeSample";
			};
			name = Debug;
		};
		5EFAD7811BF0654A00EF9182 /* Release */ = {
			isa = XCBuildConfiguration;
			buildSettings = {
				BUNDLE_LOADER = "$(TEST_HOST)";
				INFOPLIST_FILE = YoutubeSampleTests/Info.plist;
				LD_RUNPATH_SEARCH_PATHS = "$(inherited) @executable_path/Frameworks @loader_path/Frameworks";
				PRODUCT_BUNDLE_IDENTIFIER = com.YoutubeSampleTests;
				PRODUCT_NAME = "$(TARGET_NAME)";
				TEST_HOST = "$(BUILT_PRODUCTS_DIR)/YoutubeSample.app/YoutubeSample";
			};
			name = Release;
		};
		5EFAD7831BF0654A00EF9182 /* Debug */ = {
			isa = XCBuildConfiguration;
			buildSettings = {
				INFOPLIST_FILE = YoutubeSampleUITests/Info.plist;
				LD_RUNPATH_SEARCH_PATHS = "$(inherited) @executable_path/Frameworks @loader_path/Frameworks";
				PRODUCT_BUNDLE_IDENTIFIER = com.YoutubeSampleUITests;
				PRODUCT_NAME = "$(TARGET_NAME)";
				TEST_TARGET_NAME = YoutubeSample;
				USES_XCTRUNNER = YES;
			};
			name = Debug;
		};
		5EFAD7841BF0654A00EF9182 /* Release */ = {
			isa = XCBuildConfiguration;
			buildSettings = {
				INFOPLIST_FILE = YoutubeSampleUITests/Info.plist;
				LD_RUNPATH_SEARCH_PATHS = "$(inherited) @executable_path/Frameworks @loader_path/Frameworks";
				PRODUCT_BUNDLE_IDENTIFIER = com.YoutubeSampleUITests;
				PRODUCT_NAME = "$(TARGET_NAME)";
				TEST_TARGET_NAME = YoutubeSample;
				USES_XCTRUNNER = YES;
			};
			name = Release;
		};
/* End XCBuildConfiguration section */

/* Begin XCConfigurationList section */
		5EFAD74F1BF0654800EF9182 /* Build configuration list for PBXProject "YoutubeSample" */ = {
			isa = XCConfigurationList;
			buildConfigurations = (
				5EFAD77A1BF0654A00EF9182 /* Debug */,
				5EFAD77B1BF0654A00EF9182 /* Release */,
			);
			defaultConfigurationIsVisible = 0;
			defaultConfigurationName = Release;
		};
		5EFAD77C1BF0654A00EF9182 /* Build configuration list for PBXNativeTarget "YoutubeSample" */ = {
			isa = XCConfigurationList;
			buildConfigurations = (
				5EFAD77D1BF0654A00EF9182 /* Debug */,
				5EFAD77E1BF0654A00EF9182 /* Release */,
			);
			defaultConfigurationIsVisible = 0;
		};
		5EFAD77F1BF0654A00EF9182 /* Build configuration list for PBXNativeTarget "YoutubeSampleTests" */ = {
			isa = XCConfigurationList;
			buildConfigurations = (
				5EFAD7801BF0654A00EF9182 /* Debug */,
				5EFAD7811BF0654A00EF9182 /* Release */,
			);
			defaultConfigurationIsVisible = 0;
		};
		5EFAD7821BF0654A00EF9182 /* Build configuration list for PBXNativeTarget "YoutubeSampleUITests" */ = {
			isa = XCConfigurationList;
			buildConfigurations = (
				5EFAD7831BF0654A00EF9182 /* Debug */,
				5EFAD7841BF0654A00EF9182 /* Release */,
			);
			defaultConfigurationIsVisible = 0;
		};
/* End XCConfigurationList section */
	};
	rootObject = 5EFAD74C1BF0654800EF9182 /* Project object */;
}
